
Microsoft Visual Studio Solution File, Format Version 12.00
# Visual Studio Version 17
VisualStudioVersion = 17.5.002.0
MinimumVisualStudioVersion = 10.0.40219.1
Project("{9A19103F-16F7-4668-BE54-9A1E7A4F7556}") = "PracticeW3", "PracticeW3.csproj", "{7533E96A-1327-4609-A519-8E415323D6CF}"
EndProject
Global
	GlobalSection(SolutionConfigurationPlatforms) = preSolution
		Debug|Any CPU = Debug|Any CPU
		Release|Any CPU = Release|Any CPU
	EndGlobalSection
	GlobalSection(ProjectConfigurationPlatforms) = postSolution
		{7533E96A-1327-4609-A519-8E415323D6CF}.Debug|Any CPU.ActiveCfg = Debug|Any CPU
		{7533E96A-1327-4609-A519-8E415323D6CF}.Debug|Any CPU.Build.0 = Debug|Any CPU
		{7533E96A-1327-4609-A519-8E415323D6CF}.Release|Any CPU.ActiveCfg = Release|Any CPU
		{7533E96A-1327-4609-A519-8E415323D6CF}.Release|Any CPU.Build.0 = Release|Any CPU
	EndGlobalSection
	GlobalSection(SolutionProperties) = preSolution
		HideSolutionNode = FALSE
	EndGlobalSection
	GlobalSection(ExtensibilityGlobals) = postSolution
		SolutionGuid = {A4B9397D-C7B1-4D16-8D07-30155C4BAC86}
	EndGlobalSection
EndGlobal
